// !$*UTF8*$!
{
	archiveVersion = 1;
	classes = {
	};
	objectVersion = 50;
	objects = {

/* Begin PBXBuildFile section */
		1B8CE0139192753674B8D842 /* libPods-ZXYPopupMenu.a in Frameworks */ = {isa = PBXBuildFile; fileRef = 6DF47D69BB8A7C696794569D /* libPods-ZXYPopupMenu.a */; };
		2E6A86CB20E9BCD6009D6A1F /* SCInputAccessoryCell.m in Sources */ = {isa = PBXBuildFile; fileRef = 2E6A86C920E9BCD6009D6A1F /* SCInputAccessoryCell.m */; };
		2E6A86CC20E9BCD6009D6A1F /* SCInputAccessoryCell.xib in Resources */ = {isa = PBXBuildFile; fileRef = 2E6A86CA20E9BCD6009D6A1F /* SCInputAccessoryCell.xib */; };
		2EDC4F0A20E5BCFB0003A85D /* AppDelegate.m in Sources */ = {isa = PBXBuildFile; fileRef = 2EDC4F0920E5BCFB0003A85D /* AppDelegate.m */; };
		2EDC4F0D20E5BCFB0003A85D /* ViewController.m in Sources */ = {isa = PBXBuildFile; fileRef = 2EDC4F0C20E5BCFB0003A85D /* ViewController.m */; };
		2EDC4F1020E5BCFB0003A85D /* Main.storyboard in Resources */ = {isa = PBXBuildFile; fileRef = 2EDC4F0E20E5BCFB0003A85D /* Main.storyboard */; };
		2EDC4F1220E5BCFC0003A85D /* Assets.xcassets in Resources */ = {isa = PBXBuildFile; fileRef = 2EDC4F1120E5BCFC0003A85D /* Assets.xcassets */; };
		2EDC4F1520E5BCFC0003A85D /* LaunchScreen.storyboard in Resources */ = {isa = PBXBuildFile; fileRef = 2EDC4F1320E5BCFC0003A85D /* LaunchScreen.storyboard */; };
		2EDC4F1820E5BCFC0003A85D /* main.m in Sources */ = {isa = PBXBuildFile; fileRef = 2EDC4F1720E5BCFC0003A85D /* main.m */; };
		2EDC4F2220E5BCFC0003A85D /* ZXYPopupMenuTests.m in Sources */ = {isa = PBXBuildFile; fileRef = 2EDC4F2120E5BCFC0003A85D /* ZXYPopupMenuTests.m */; };
		2EDC4F2D20E5BCFC0003A85D /* ZXYPopupMenuUITests.m in Sources */ = {isa = PBXBuildFile; fileRef = 2EDC4F2C20E5BCFC0003A85D /* ZXYPopupMenuUITests.m */; };
		2EDC4F3D20E5BDEE0003A85D /* ZXYPopupMenuView.m in Sources */ = {isa = PBXBuildFile; fileRef = 2EDC4F3C20E5BDEE0003A85D /* ZXYPopupMenuView.m */; };
		2EDC4F4020E611BA0003A85D /* ZXYPopupMenuPath.m in Sources */ = {isa = PBXBuildFile; fileRef = 2EDC4F3F20E611BA0003A85D /* ZXYPopupMenuPath.m */; };
		2EDC4F4420E612730003A85D /* ZXYRectConst.m in Sources */ = {isa = PBXBuildFile; fileRef = 2EDC4F4320E612730003A85D /* ZXYRectConst.m */; };
		2EF1174F20EA08F30034B679 /* cellImg.png in Resources */ = {isa = PBXBuildFile; fileRef = 2EF1174E20EA08F30034B679 /* cellImg.png */; };
/* End PBXBuildFile section */

/* Begin PBXContainerItemProxy section */
		2EDC4F1E20E5BCFC0003A85D /* PBXContainerItemProxy */ = {
			isa = PBXContainerItemProxy;
			containerPortal = 2EDC4EFD20E5BCFB0003A85D /* Project object */;
			proxyType = 1;
			remoteGlobalIDString = 2EDC4F0420E5BCFB0003A85D;
			remoteInfo = ZXYPopupMenu;
		};
		2EDC4F2920E5BCFC0003A85D /* PBXContainerItemProxy */ = {
			isa = PBXContainerItemProxy;
			containerPortal = 2EDC4EFD20E5BCFB0003A85D /* Project object */;
			proxyType = 1;
			remoteGlobalIDString = 2EDC4F0420E5BCFB0003A85D;
			remoteInfo = ZXYPopupMenu;
		};
/* End PBXContainerItemProxy section */

/* Begin PBXFileReference section */
		2E6A86C820E9BCD6009D6A1F /* SCInputAccessoryCell.h */ = {isa = PBXFileReference; lastKnownFileType = sourcecode.c.h; path = SCInputAccessoryCell.h; sourceTree = "<group>"; };
		2E6A86C920E9BCD6009D6A1F /* SCInputAccessoryCell.m */ = {isa = PBXFileReference; lastKnownFileType = sourcecode.c.objc; path = SCInputAccessoryCell.m; sourceTree = "<group>"; };
		2E6A86CA20E9BCD6009D6A1F /* SCInputAccessoryCell.xib */ = {isa = PBXFileReference; lastKnownFileType = file.xib; path = SCInputAccessoryCell.xib; sourceTree = "<group>"; };
		2EDC4F0520E5BCFB0003A85D /* ZXYPopupMenu.app */ = {isa = PBXFileReference; explicitFileType = wrapper.application; includeInIndex = 0; path = ZXYPopupMenu.app; sourceTree = BUILT_PRODUCTS_DIR; };
		2EDC4F0820E5BCFB0003A85D /* AppDelegate.h */ = {isa = PBXFileReference; lastKnownFileType = sourcecode.c.h; path = AppDelegate.h; sourceTree = "<group>"; };
		2EDC4F0920E5BCFB0003A85D /* AppDelegate.m */ = {isa = PBXFileReference; lastKnownFileType = sourcecode.c.objc; path = AppDelegate.m; sourceTree = "<group>"; };
		2EDC4F0B20E5BCFB0003A85D /* ViewController.h */ = {isa = PBXFileReference; lastKnownFileType = sourcecode.c.h; path = ViewController.h; sourceTree = "<group>"; };
		2EDC4F0C20E5BCFB0003A85D /* ViewController.m */ = {isa = PBXFileReference; lastKnownFileType = sourcecode.c.objc; path = ViewController.m; sourceTree = "<group>"; };
		2EDC4F0F20E5BCFB0003A85D /* Base */ = {isa = PBXFileReference; lastKnownFileType = file.storyboard; name = Base; path = Base.lproj/Main.storyboard; sourceTree = "<group>"; };
		2EDC4F1120E5BCFC0003A85D /* Assets.xcassets */ = {isa = PBXFileReference; lastKnownFileType = folder.assetcatalog; path = Assets.xcassets; sourceTree = "<group>"; };
		2EDC4F1420E5BCFC0003A85D /* Base */ = {isa = PBXFileReference; lastKnownFileType = file.storyboard; name = Base; path = Base.lproj/LaunchScreen.storyboard; sourceTree = "<group>"; };
		2EDC4F1620E5BCFC0003A85D /* Info.plist */ = {isa = PBXFileReference; lastKnownFileType = text.plist.xml; path = Info.plist; sourceTree = "<group>"; };
		2EDC4F1720E5BCFC0003A85D /* main.m */ = {isa = PBXFileReference; lastKnownFileType = sourcecode.c.objc; path = main.m; sourceTree = "<group>"; };
		2EDC4F1D20E5BCFC0003A85D /* ZXYPopupMenuTests.xctest */ = {isa = PBXFileReference; explicitFileType = wrapper.cfbundle; includeInIndex = 0; path = ZXYPopupMenuTests.xctest; sourceTree = BUILT_PRODUCTS_DIR; };
		2EDC4F2120E5BCFC0003A85D /* ZXYPopupMenuTests.m */ = {isa = PBXFileReference; lastKnownFileType = sourcecode.c.objc; path = ZXYPopupMenuTests.m; sourceTree = "<group>"; };
		2EDC4F2320E5BCFC0003A85D /* Info.plist */ = {isa = PBXFileReference; lastKnownFileType = text.plist.xml; path = Info.plist; sourceTree = "<group>"; };
		2EDC4F2820E5BCFC0003A85D /* ZXYPopupMenuUITests.xctest */ = {isa = PBXFileReference; explicitFileType = wrapper.cfbundle; includeInIndex = 0; path = ZXYPopupMenuUITests.xctest; sourceTree = BUILT_PRODUCTS_DIR; };
		2EDC4F2C20E5BCFC0003A85D /* ZXYPopupMenuUITests.m */ = {isa = PBXFileReference; lastKnownFileType = sourcecode.c.objc; path = ZXYPopupMenuUITests.m; sourceTree = "<group>"; };
		2EDC4F2E20E5BCFC0003A85D /* Info.plist */ = {isa = PBXFileReference; lastKnownFileType = text.plist.xml; path = Info.plist; sourceTree = "<group>"; };
		2EDC4F3B20E5BDEE0003A85D /* ZXYPopupMenuView.h */ = {isa = PBXFileReference; lastKnownFileType = sourcecode.c.h; path = ZXYPopupMenuView.h; sourceTree = "<group>"; };
		2EDC4F3C20E5BDEE0003A85D /* ZXYPopupMenuView.m */ = {isa = PBXFileReference; lastKnownFileType = sourcecode.c.objc; path = ZXYPopupMenuView.m; sourceTree = "<group>"; };
		2EDC4F3E20E611BA0003A85D /* ZXYPopupMenuPath.h */ = {isa = PBXFileReference; lastKnownFileType = sourcecode.c.h; path = ZXYPopupMenuPath.h; sourceTree = "<group>"; };
		2EDC4F3F20E611BA0003A85D /* ZXYPopupMenuPath.m */ = {isa = PBXFileReference; lastKnownFileType = sourcecode.c.objc; path = ZXYPopupMenuPath.m; sourceTree = "<group>"; };
		2EDC4F4220E612730003A85D /* ZXYRectConst.h */ = {isa = PBXFileReference; lastKnownFileType = sourcecode.c.h; path = ZXYRectConst.h; sourceTree = "<group>"; };
		2EDC4F4320E612730003A85D /* ZXYRectConst.m */ = {isa = PBXFileReference; lastKnownFileType = sourcecode.c.objc; path = ZXYRectConst.m; sourceTree = "<group>"; };
		2EF1174E20EA08F30034B679 /* cellImg.png */ = {isa = PBXFileReference; lastKnownFileType = image.png; path = cellImg.png; sourceTree = "<group>"; };
		5E716E308C15A0AB3201DC16 /* Pods-ZXYPopupMenu.debug.xcconfig */ = {isa = PBXFileReference; includeInIndex = 1; lastKnownFileType = text.xcconfig; name = "Pods-ZXYPopupMenu.debug.xcconfig"; path = "Pods/Target Support Files/Pods-ZXYPopupMenu/Pods-ZXYPopupMenu.debug.xcconfig"; sourceTree = "<group>"; };
		6705FFC8C6BFF84E48FB22A0 /* Pods-ZXYPopupMenu.release.xcconfig */ = {isa = PBXFileReference; includeInIndex = 1; lastKnownFileType = text.xcconfig; name = "Pods-ZXYPopupMenu.release.xcconfig"; path = "Pods/Target Support Files/Pods-ZXYPopupMenu/Pods-ZXYPopupMenu.release.xcconfig"; sourceTree = "<group>"; };
		6DF47D69BB8A7C696794569D /* libPods-ZXYPopupMenu.a */ = {isa = PBXFileReference; explicitFileType = archive.ar; includeInIndex = 0; path = "libPods-ZXYPopupMenu.a"; sourceTree = BUILT_PRODUCTS_DIR; };
/* End PBXFileReference section */

/* Begin PBXFrameworksBuildPhase section */
		2EDC4F0220E5BCFB0003A85D /* Frameworks */ = {
			isa = PBXFrameworksBuildPhase;
			buildActionMask = 2147483647;
			files = (
				1B8CE0139192753674B8D842 /* libPods-ZXYPopupMenu.a in Frameworks */,
			);
			runOnlyForDeploymentPostprocessing = 0;
		};
		2EDC4F1A20E5BCFC0003A85D /* Frameworks */ = {
			isa = PBXFrameworksBuildPhase;
			buildActionMask = 2147483647;
			files = (
			);
			runOnlyForDeploymentPostprocessing = 0;
		};
		2EDC4F2520E5BCFC0003A85D /* Frameworks */ = {
			isa = PBXFrameworksBuildPhase;
			buildActionMask = 2147483647;
			files = (
			);
			runOnlyForDeploymentPostprocessing = 0;
		};
/* End PBXFrameworksBuildPhase section */

/* Begin PBXGroup section */
		2EDC4EFC20E5BCFB0003A85D = {
			isa = PBXGroup;
			children = (
				2EDC4F0720E5BCFB0003A85D /* ZXYPopupMenu */,
				2EDC4F2020E5BCFC0003A85D /* ZXYPopupMenuTests */,
				2EDC4F2B20E5BCFC0003A85D /* ZXYPopupMenuUITests */,
				2EDC4F0620E5BCFB0003A85D /* Products */,
				DAAD78C2CD4ECEAA91109353 /* Pods */,
				4815C43A1C1900B87E6A4A83 /* Frameworks */,
			);
			sourceTree = "<group>";
		};
		2EDC4F0620E5BCFB0003A85D /* Products */ = {
			isa = PBXGroup;
			children = (
				2EDC4F0520E5BCFB0003A85D /* ZXYPopupMenu.app */,
				2EDC4F1D20E5BCFC0003A85D /* ZXYPopupMenuTests.xctest */,
				2EDC4F2820E5BCFC0003A85D /* ZXYPopupMenuUITests.xctest */,
			);
			name = Products;
			sourceTree = "<group>";
		};
		2EDC4F0720E5BCFB0003A85D /* ZXYPopupMenu */ = {
			isa = PBXGroup;
			children = (
				2EDC4F3A20E5BDAE0003A85D /* ZXYPopupMenu */,
				2EF1174E20EA08F30034B679 /* cellImg.png */,
				2EDC4F0820E5BCFB0003A85D /* AppDelegate.h */,
				2EDC4F0920E5BCFB0003A85D /* AppDelegate.m */,
				2EDC4F0B20E5BCFB0003A85D /* ViewController.h */,
				2EDC4F0C20E5BCFB0003A85D /* ViewController.m */,
				2E6A86C820E9BCD6009D6A1F /* SCInputAccessoryCell.h */,
				2E6A86C920E9BCD6009D6A1F /* SCInputAccessoryCell.m */,
				2E6A86CA20E9BCD6009D6A1F /* SCInputAccessoryCell.xib */,
				2EDC4F0E20E5BCFB0003A85D /* Main.storyboard */,
				2EDC4F1120E5BCFC0003A85D /* Assets.xcassets */,
				2EDC4F1320E5BCFC0003A85D /* LaunchScreen.storyboard */,
				2EDC4F1620E5BCFC0003A85D /* Info.plist */,
				2EDC4F1720E5BCFC0003A85D /* main.m */,
			);
			path = ZXYPopupMenu;
			sourceTree = "<group>";
		};
		2EDC4F2020E5BCFC0003A85D /* ZXYPopupMenuTests */ = {
			isa = PBXGroup;
			children = (
				2EDC4F2120E5BCFC0003A85D /* ZXYPopupMenuTests.m */,
				2EDC4F2320E5BCFC0003A85D /* Info.plist */,
			);
			path = ZXYPopupMenuTests;
			sourceTree = "<group>";
		};
		2EDC4F2B20E5BCFC0003A85D /* ZXYPopupMenuUITests */ = {
			isa = PBXGroup;
			children = (
				2EDC4F2C20E5BCFC0003A85D /* ZXYPopupMenuUITests.m */,
				2EDC4F2E20E5BCFC0003A85D /* Info.plist */,
			);
			path = ZXYPopupMenuUITests;
			sourceTree = "<group>";
		};
		2EDC4F3A20E5BDAE0003A85D /* ZXYPopupMenu */ = {
			isa = PBXGroup;
			children = (
				2EDC4F3B20E5BDEE0003A85D /* ZXYPopupMenuView.h */,
				2EDC4F3C20E5BDEE0003A85D /* ZXYPopupMenuView.m */,
				2EDC4F3E20E611BA0003A85D /* ZXYPopupMenuPath.h */,
				2EDC4F3F20E611BA0003A85D /* ZXYPopupMenuPath.m */,
				2EDC4F4220E612730003A85D /* ZXYRectConst.h */,
				2EDC4F4320E612730003A85D /* ZXYRectConst.m */,
			);
			path = ZXYPopupMenu;
			sourceTree = "<group>";
		};
		4815C43A1C1900B87E6A4A83 /* Frameworks */ = {
			isa = PBXGroup;
			children = (
				6DF47D69BB8A7C696794569D /* libPods-ZXYPopupMenu.a */,
			);
			name = Frameworks;
			sourceTree = "<group>";
		};
		DAAD78C2CD4ECEAA91109353 /* Pods */ = {
			isa = PBXGroup;
			children = (
				5E716E308C15A0AB3201DC16 /* Pods-ZXYPopupMenu.debug.xcconfig */,
				6705FFC8C6BFF84E48FB22A0 /* Pods-ZXYPopupMenu.release.xcconfig */,
			);
			name = Pods;
			sourceTree = "<group>";
		};
/* End PBXGroup section */

/* Begin PBXNativeTarget section */
		2EDC4F0420E5BCFB0003A85D /* ZXYPopupMenu */ = {
			isa = PBXNativeTarget;
			buildConfigurationList = 2EDC4F3120E5BCFC0003A85D /* Build configuration list for PBXNativeTarget "ZXYPopupMenu" */;
			buildPhases = (
				35A6C25F7577362211D0B19D /* [CP] Check Pods Manifest.lock */,
				2EDC4F0120E5BCFB0003A85D /* Sources */,
				2EDC4F0220E5BCFB0003A85D /* Frameworks */,
				2EDC4F0320E5BCFB0003A85D /* Resources */,
			);
			buildRules = (
			);
			dependencies = (
			);
			name = ZXYPopupMenu;
			productName = ZXYPopupMenu;
			productReference = 2EDC4F0520E5BCFB0003A85D /* ZXYPopupMenu.app */;
			productType = "com.apple.product-type.application";
		};
		2EDC4F1C20E5BCFC0003A85D /* ZXYPopupMenuTests */ = {
			isa = PBXNativeTarget;
			buildConfigurationList = 2EDC4F3420E5BCFC0003A85D /* Build configuration list for PBXNativeTarget "ZXYPopupMenuTests" */;
			buildPhases = (
				2EDC4F1920E5BCFC0003A85D /* Sources */,
				2EDC4F1A20E5BCFC0003A85D /* Frameworks */,
				2EDC4F1B20E5BCFC0003A85D /* Resources */,
			);
			buildRules = (
			);
			dependencies = (
				2EDC4F1F20E5BCFC0003A85D /* PBXTargetDependency */,
			);
			name = ZXYPopupMenuTests;
			productName = ZXYPopupMenuTests;
			productReference = 2EDC4F1D20E5BCFC0003A85D /* ZXYPopupMenuTests.xctest */;
			productType = "com.apple.product-type.bundle.unit-test";
		};
		2EDC4F2720E5BCFC0003A85D /* ZXYPopupMenuUITests */ = {
			isa = PBXNativeTarget;
			buildConfigurationList = 2EDC4F3720E5BCFC0003A85D /* Build configuration list for PBXNativeTarget "ZXYPopupMenuUITests" */;
			buildPhases = (
				2EDC4F2420E5BCFC0003A85D /* Sources */,
				2EDC4F2520E5BCFC0003A85D /* Frameworks */,
				2EDC4F2620E5BCFC0003A85D /* Resources */,
			);
			buildRules = (
			);
			dependencies = (
				2EDC4F2A20E5BCFC0003A85D /* PBXTargetDependency */,
			);
			name = ZXYPopupMenuUITests;
			productName = ZXYPopupMenuUITests;
			productReference = 2EDC4F2820E5BCFC0003A85D /* ZXYPopupMenuUITests.xctest */;
			productType = "com.apple.product-type.bundle.ui-testing";
		};
/* End PBXNativeTarget section */

/* Begin PBXProject section */
		2EDC4EFD20E5BCFB0003A85D /* Project object */ = {
			isa = PBXProject;
			attributes = {
				LastUpgradeCheck = 0940;
				ORGANIZATIONNAME = zhangxiaoye;
				TargetAttributes = {
					2EDC4F0420E5BCFB0003A85D = {
						CreatedOnToolsVersion = 9.4;
					};
					2EDC4F1C20E5BCFC0003A85D = {
						CreatedOnToolsVersion = 9.4;
						TestTargetID = 2EDC4F0420E5BCFB0003A85D;
					};
					2EDC4F2720E5BCFC0003A85D = {
						CreatedOnToolsVersion = 9.4;
						TestTargetID = 2EDC4F0420E5BCFB0003A85D;
					};
				};
			};
			buildConfigurationList = 2EDC4F0020E5BCFB0003A85D /* Build configuration list for PBXProject "ZXYPopupMenu" */;
			compatibilityVersion = "Xcode 9.3";
			developmentRegion = en;
			hasScannedForEncodings = 0;
			knownRegions = (
				en,
				Base,
			);
			mainGroup = 2EDC4EFC20E5BCFB0003A85D;
			productRefGroup = 2EDC4F0620E5BCFB0003A85D /* Products */;
			projectDirPath = "";
			projectRoot = "";
			targets = (
				2EDC4F0420E5BCFB0003A85D /* ZXYPopupMenu */,
				2EDC4F1C20E5BCFC0003A85D /* ZXYPopupMenuTests */,
				2EDC4F2720E5BCFC0003A85D /* ZXYPopupMenuUITests */,
			);
		};
/* End PBXProject section */

/* Begin PBXResourcesBuildPhase section */
		2EDC4F0320E5BCFB0003A85D /* Resources */ = {
			isa = PBXResourcesBuildPhase;
			buildActionMask = 2147483647;
			files = (
				2EDC4F1520E5BCFC0003A85D /* LaunchScreen.storyboard in Resources */,
				2EDC4F1220E5BCFC0003A85D /* Assets.xcassets in Resources */,
				2EF1174F20EA08F30034B679 /* cellImg.png in Resources */,
				2EDC4F1020E5BCFB0003A85D /* Main.storyboard in Resources */,
				2E6A86CC20E9BCD6009D6A1F /* SCInputAccessoryCell.xib in Resources */,
			);
			runOnlyForDeploymentPostprocessing = 0;
		};
		2EDC4F1B20E5BCFC0003A85D /* Resources */ = {
			isa = PBXResourcesBuildPhase;
			buildActionMask = 2147483647;
			files = (
			);
			runOnlyForDeploymentPostprocessing = 0;
		};
		2EDC4F2620E5BCFC0003A85D /* Resources */ = {
			isa = PBXResourcesBuildPhase;
			buildActionMask = 2147483647;
			files = (
			);
			runOnlyForDeploymentPostprocessing = 0;
		};
/* End PBXResourcesBuildPhase section */

/* Begin PBXShellScriptBuildPhase section */
		35A6C25F7577362211D0B19D /* [CP] Check Pods Manifest.lock */ = {
			isa = PBXShellScriptBuildPhase;
			buildActionMask = 2147483647;
			files = (
			);
			inputPaths = (
				"${PODS_PODFILE_DIR_PATH}/Podfile.lock",
				"${PODS_ROOT}/Manifest.lock",
			);
			name = "[CP] Check Pods Manifest.lock";
			outputPaths = (
				"$(DERIVED_FILE_DIR)/Pods-ZXYPopupMenu-checkManifestLockResult.txt",
			);
			runOnlyForDeploymentPostprocessing = 0;
			shellPath = /bin/sh;
			shellScript = "diff \"${PODS_PODFILE_DIR_PATH}/Podfile.lock\" \"${PODS_ROOT}/Manifest.lock\" > /dev/null\nif [ $? != 0 ] ; then\n    # print error to STDERR\n    echo \"error: The sandbox is not in sync with the Podfile.lock. Run 'pod install' or update your CocoaPods installation.\" >&2\n    exit 1\nfi\n# This output is used by Xcode 'outputs' to avoid re-running this script phase.\necho \"SUCCESS\" > \"${SCRIPT_OUTPUT_FILE_0}\"\n";
			showEnvVarsInLog = 0;
		};
/* End PBXShellScriptBuildPhase section */

/* Begin PBXSourcesBuildPhase section */
		2EDC4F0120E5BCFB0003A85D /* Sources */ = {
			isa = PBXSourcesBuildPhase;
			buildActionMask = 2147483647;
			files = (
				2EDC4F3D20E5BDEE0003A85D /* ZXYPopupMenuView.m in Sources */,
				2EDC4F4420E612730003A85D /* ZXYRectConst.m in Sources */,
				2EDC4F0D20E5BCFB0003A85D /* ViewController.m in Sources */,
				2E6A86CB20E9BCD6009D6A1F /* SCInputAccessoryCell.m in Sources */,
				2EDC4F1820E5BCFC0003A85D /* main.m in Sources */,
				2EDC4F4020E611BA0003A85D /* ZXYPopupMenuPath.m in Sources */,
				2EDC4F0A20E5BCFB0003A85D /* AppDelegate.m in Sources */,
			);
			runOnlyForDeploymentPostprocessing = 0;
		};
		2EDC4F1920E5BCFC0003A85D /* Sources */ = {
			isa = PBXSourcesBuildPhase;
			buildActionMask = 2147483647;
			files = (
				2EDC4F2220E5BCFC0003A85D /* ZXYPopupMenuTests.m in Sources */,
			);
			runOnlyForDeploymentPostprocessing = 0;
		};
		2EDC4F2420E5BCFC0003A85D /* Sources */ = {
			isa = PBXSourcesBuildPhase;
			buildActionMask = 2147483647;
			files = (
				2EDC4F2D20E5BCFC0003A85D /* ZXYPopupMenuUITests.m in Sources */,
			);
			runOnlyForDeploymentPostprocessing = 0;
		};
/* End PBXSourcesBuildPhase section */

/* Begin PBXTargetDependency section */
		2EDC4F1F20E5BCFC0003A85D /* PBXTargetDependency */ = {
			isa = PBXTargetDependency;
			target = 2EDC4F0420E5BCFB0003A85D /* ZXYPopupMenu */;
			targetProxy = 2EDC4F1E20E5BCFC0003A85D /* PBXContainerItemProxy */;
		};
		2EDC4F2A20E5BCFC0003A85D /* PBXTargetDependency */ = {
			isa = PBXTargetDependency;
			target = 2EDC4F0420E5BCFB0003A85D /* ZXYPopupMenu */;
			targetProxy = 2EDC4F2920E5BCFC0003A85D /* PBXContainerItemProxy */;
		};
/* End PBXTargetDependency section */

/* Begin PBXVariantGroup section */
		2EDC4F0E20E5BCFB0003A85D /* Main.storyboard */ = {
			isa = PBXVariantGroup;
			children = (
				2EDC4F0F20E5BCFB0003A85D /* Base */,
			);
			name = Main.storyboard;
			sourceTree = "<group>";
		};
		2EDC4F1320E5BCFC0003A85D /* LaunchScreen.storyboard */ = {
			isa = PBXVariantGroup;
			children = (
				2EDC4F1420E5BCFC0003A85D /* Base */,
			);
			name = LaunchScreen.storyboard;
			sourceTree = "<group>";
		};
/* End PBXVariantGroup section */

/* Begin XCBuildConfiguration section */
		2EDC4F2F20E5BCFC0003A85D /* Debug */ = {
			isa = XCBuildConfiguration;
			buildSettings = {
				ALWAYS_SEARCH_USER_PATHS = NO;
				CLANG_ANALYZER_NONNULL = YES;
				CLANG_ANALYZER_NUMBER_OBJECT_CONVERSION = YES_AGGRESSIVE;
				CLANG_CXX_LANGUAGE_STANDARD = "gnu++14";
				CLANG_CXX_LIBRARY = "libc++";
				CLANG_ENABLE_MODULES = YES;
				CLANG_ENABLE_OBJC_ARC = YES;
				CLANG_ENABLE_OBJC_WEAK = YES;
				CLANG_WARN_BLOCK_CAPTURE_AUTORELEASING = YES;
				CLANG_WARN_BOOL_CONVERSION = YES;
				CLANG_WARN_COMMA = YES;
				CLANG_WARN_CONSTANT_CONVERSION = YES;
				CLANG_WARN_DEPRECATED_OBJC_IMPLEMENTATIONS = YES;
				CLANG_WARN_DIRECT_OBJC_ISA_USAGE = YES_ERROR;
				CLANG_WARN_DOCUMENTATION_COMMENTS = YES;
				CLANG_WARN_EMPTY_BODY = YES;
				CLANG_WARN_ENUM_CONVERSION = YES;
				CLANG_WARN_INFINITE_RECURSION = YES;
				CLANG_WARN_INT_CONVERSION = YES;
				CLANG_WARN_NON_LITERAL_NULL_CONVERSION = YES;
				CLANG_WARN_OBJC_IMPLICIT_RETAIN_SELF = YES;
				CLANG_WARN_OBJC_LITERAL_CONVERSION = YES;
				CLANG_WARN_OBJC_ROOT_CLASS = YES_ERROR;
				CLANG_WARN_RANGE_LOOP_ANALYSIS = YES;
				CLANG_WARN_STRICT_PROTOTYPES = YES;
				CLANG_WARN_SUSPICIOUS_MOVE = YES;
				CLANG_WARN_UNGUARDED_AVAILABILITY = YES_AGGRESSIVE;
				CLANG_WARN_UNREACHABLE_CODE = YES;
				CLANG_WARN__DUPLICATE_METHOD_MATCH = YES;
				CODE_SIGN_IDENTITY = "iPhone Developer";
				COPY_PHASE_STRIP = NO;
				DEBUG_INFORMATION_FORMAT = dwarf;
				ENABLE_STRICT_OBJC_MSGSEND = YES;
				ENABLE_TESTABILITY = YES;
				GCC_C_LANGUAGE_STANDARD = gnu11;
				GCC_DYNAMIC_NO_PIC = NO;
				GCC_NO_COMMON_BLOCKS = YES;
				GCC_OPTIMIZATION_LEVEL = 0;
				GCC_PREPROCESSOR_DEFINITIONS = (
					"DEBUG=1",
					"$(inherited)",
				);
				GCC_WARN_64_TO_32_BIT_CONVERSION = YES;
				GCC_WARN_ABOUT_RETURN_TYPE = YES_ERROR;
				GCC_WARN_UNDECLARED_SELECTOR = YES;
				GCC_WARN_UNINITIALIZED_AUTOS = YES_AGGRESSIVE;
				GCC_WARN_UNUSED_FUNCTION = YES;
				GCC_WARN_UNUSED_VARIABLE = YES;
				IPHONEOS_DEPLOYMENT_TARGET = 11.4;
				MTL_ENABLE_DEBUG_INFO = YES;
				ONLY_ACTIVE_ARCH = YES;
				SDKROOT = iphoneos;
			};
			name = Debug;
		};
		2EDC4F3020E5BCFC0003A85D /* Release */ = {
			isa = XCBuildConfiguration;
			buildSettings = {
				ALWAYS_SEARCH_USER_PATHS = NO;
				CLANG_ANALYZER_NONNULL = YES;
				CLANG_ANALYZER_NUMBER_OBJECT_CONVERSION = YES_AGGRESSIVE;
				CLANG_CXX_LANGUAGE_STANDARD = "gnu++14";
				CLANG_CXX_LIBRARY = "libc++";
				CLANG_ENABLE_MODULES = YES;
				CLANG_ENABLE_OBJC_ARC = YES;
				CLANG_ENABLE_OBJC_WEAK = YES;
				CLANG_WARN_BLOCK_CAPTURE_AUTORELEASING = YES;
				CLANG_WARN_BOOL_CONVERSION = YES;
				CLANG_WARN_COMMA = YES;
				CLANG_WARN_CONSTANT_CONVERSION = YES;
				CLANG_WARN_DEPRECATED_OBJC_IMPLEMENTATIONS = YES;
				CLANG_WARN_DIRECT_OBJC_ISA_USAGE = YES_ERROR;
				CLANG_WARN_DOCUMENTATION_COMMENTS = YES;
				CLANG_WARN_EMPTY_BODY = YES;
				CLANG_WARN_ENUM_CONVERSION = YES;
				CLANG_WARN_INFINITE_RECURSION = YES;
				CLANG_WARN_INT_CONVERSION = YES;
				CLANG_WARN_NON_LITERAL_NULL_CONVERSION = YES;
				CLANG_WARN_OBJC_IMPLICIT_RETAIN_SELF = YES;
				CLANG_WARN_OBJC_LITERAL_CONVERSION = YES;
				CLANG_WARN_OBJC_ROOT_CLASS = YES_ERROR;
				CLANG_WARN_RANGE_LOOP_ANALYSIS = YES;
				CLANG_WARN_STRICT_PROTOTYPES = YES;
				CLANG_WARN_SUSPICIOUS_MOVE = YES;
				CLANG_WARN_UNGUARDED_AVAILABILITY = YES_AGGRESSIVE;
				CLANG_WARN_UNREACHABLE_CODE = YES;
				CLANG_WARN__DUPLICATE_METHOD_MATCH = YES;
				CODE_SIGN_IDENTITY = "iPhone Developer";
				COPY_PHASE_STRIP = NO;
				DEBUG_INFORMATION_FORMAT = "dwarf-with-dsym";
				ENABLE_NS_ASSERTIONS = NO;
				ENABLE_STRICT_OBJC_MSGSEND = YES;
				GCC_C_LANGUAGE_STANDARD = gnu11;
				GCC_NO_COMMON_BLOCKS = YES;
				GCC_WARN_64_TO_32_BIT_CONVERSION = YES;
				GCC_WARN_ABOUT_RETURN_TYPE = YES_ERROR;
				GCC_WARN_UNDECLARED_SELECTOR = YES;
				GCC_WARN_UNINITIALIZED_AUTOS = YES_AGGRESSIVE;
				GCC_WARN_UNUSED_FUNCTION = YES;
				GCC_WARN_UNUSED_VARIABLE = YES;
				IPHONEOS_DEPLOYMENT_TARGET = 11.4;
				MTL_ENABLE_DEBUG_INFO = NO;
				SDKROOT = iphoneos;
				VALIDATE_PRODUCT = YES;
			};
			name = Release;
		};
		2EDC4F3220E5BCFC0003A85D /* Debug */ = {
			isa = XCBuildConfiguration;
			baseConfigurationReference = 5E716E308C15A0AB3201DC16 /* Pods-ZXYPopupMenu.debug.xcconfig */;
			buildSettings = {
				ASSETCATALOG_COMPILER_APPICON_NAME = AppIcon;
				CODE_SIGN_STYLE = Automatic;
				DEVELOPMENT_TEAM = 82C9X53GVJ;
				INFOPLIST_FILE = ZXYPopupMenu/Info.plist;
				LD_RUNPATH_SEARCH_PATHS = (
					"$(inherited)",
					"@executable_path/Frameworks",
				);
				PRODUCT_BUNDLE_IDENTIFIER = szyunlian.ZXYPopupMenu;
				PRODUCT_NAME = "$(TARGET_NAME)";
				TARGETED_DEVICE_FAMILY = "1,2";
			};
			name = Debug;
		};
		2EDC4F3320E5BCFC0003A85D /* Release */ = {
			isa = XCBuildConfiguration;
			baseConfigurationReference = 6705FFC8C6BFF84E48FB22A0 /* Pods-ZXYPopupMenu.release.xcconfig */;
			buildSettings = {
				ASSETCATALOG_COMPILER_APPICON_NAME = AppIcon;
				CODE_SIGN_STYLE = Automatic;
				DEVELOPMENT_TEAM = 82C9X53GVJ;
				INFOPLIST_FILE = ZXYPopupMenu/Info.plist;
				LD_RUNPATH_SEARCH_PATHS = (
					"$(inherited)",
					"@executable_path/Frameworks",
				);
				PRODUCT_BUNDLE_IDENTIFIER = szyunlian.ZXYPopupMenu;
				PRODUCT_NAME = "$(TARGET_NAME)";
				TARGETED_DEVICE_FAMILY = "1,2";
			};
			name = Release;
		};
		2EDC4F3520E5BCFC0003A85D /* Debug */ = {
			isa = XCBuildConfiguration;
			buildSettings = {
				BUNDLE_LOADER = "$(TEST_HOST)";
				CODE_SIGN_STYLE = Automatic;
				DEVELOPMENT_TEAM = 82C9X53GVJ;
				INFOPLIST_FILE = ZXYPopupMenuTests/Info.plist;
				LD_RUNPATH_SEARCH_PATHS = (
					"$(inherited)",
					"@executable_path/Frameworks",
					"@loader_path/Frameworks",
				);
				PRODUCT_BUNDLE_IDENTIFIER = szyunlian.ZXYPopupMenuTests;
				PRODUCT_NAME = "$(TARGET_NAME)";
				TARGETED_DEVICE_FAMILY = "1,2";
				TEST_HOST = "$(BUILT_PRODUCTS_DIR)/ZXYPopupMenu.app/ZXYPopupMenu";
			};
			name = Debug;
		};
		2EDC4F3620E5BCFC0003A85D /* Release */ = {
			isa = XCBuildConfiguration;
			buildSettings = {
				BUNDLE_LOADER = "$(TEST_HOST)";
				CODE_SIGN_STYLE = Automatic;
				DEVELOPMENT_TEAM = 82C9X53GVJ;
				INFOPLIST_FILE = ZXYPopupMenuTests/Info.plist;
				LD_RUNPATH_SEARCH_PATHS = (
					"$(inherited)",
					"@executable_path/Frameworks",
					"@loader_path/Frameworks",
				);
				PRODUCT_BUNDLE_IDENTIFIER = szyunlian.ZXYPopupMenuTests;
				PRODUCT_NAME = "$(TARGET_NAME)";
				TARGETED_DEVICE_FAMILY = "1,2";
				TEST_HOST = "$(BUILT_PRODUCTS_DIR)/ZXYPopupMenu.app/ZXYPopupMenu";
			};
			name = Release;
		};
		2EDC4F3820E5BCFC0003A85D /* Debug */ = {
			isa = XCBuildConfiguration;
			buildSettings = {
				CODE_SIGN_STYLE = Automatic;
				DEVELOPMENT_TEAM = 82C9X53GVJ;
				INFOPLIST_FILE = ZXYPopupMenuUITests/Info.plist;
				LD_RUNPATH_SEARCH_PATHS = (
					"$(inherited)",
					"@executable_path/Frameworks",
					"@loader_path/Frameworks",
				);
				PRODUCT_BUNDLE_IDENTIFIER = szyunlian.ZXYPopupMenuUITests;
				PRODUCT_NAME = "$(TARGET_NAME)";
				TARGETED_DEVICE_FAMILY = "1,2";
				TEST_TARGET_NAME = ZXYPopupMenu;
			};
			name = Debug;
		};
		2EDC4F3920E5BCFC0003A85D /* Release */ = {
			isa = XCBuildConfiguration;
			buildSettings = {
				CODE_SIGN_STYLE = Automatic;
				DEVELOPMENT_TEAM = 82C9X53GVJ;
				INFOPLIST_FILE = ZXYPopupMenuUITests/Info.plist;
				LD_RUNPATH_SEARCH_PATHS = (
					"$(inherited)",
					"@executable_path/Frameworks",
					"@loader_path/Frameworks",
				);
				PRODUCT_BUNDLE_IDENTIFIER = szyunlian.ZXYPopupMenuUITests;
				PRODUCT_NAME = "$(TARGET_NAME)";
				TARGETED_DEVICE_FAMILY = "1,2";
				TEST_TARGET_NAME = ZXYPopupMenu;
			};
			name = Release;
		};
/* End XCBuildConfiguration section */

/* Begin XCConfigurationList section */
		2EDC4F0020E5BCFB0003A85D /* Build configuration list for PBXProject "ZXYPopupMenu" */ = {
			isa = XCConfigurationList;
			buildConfigurations = (
				2EDC4F2F20E5BCFC0003A85D /* Debug */,
				2EDC4F3020E5BCFC0003A85D /* Release */,
			);
			defaultConfigurationIsVisible = 0;
			defaultConfigurationName = Release;
		};
		2EDC4F3120E5BCFC0003A85D /* Build configuration list for PBXNativeTarget "ZXYPopupMenu" */ = {
			isa = XCConfigurationList;
			buildConfigurations = (
				2EDC4F3220E5BCFC0003A85D /* Debug */,
				2EDC4F3320E5BCFC0003A85D /* Release */,
			);
			defaultConfigurationIsVisible = 0;
			defaultConfigurationName = Release;
		};
		2EDC4F3420E5BCFC0003A85D /* Build configuration list for PBXNativeTarget "ZXYPopupMenuTests" */ = {
			isa = XCConfigurationList;
			buildConfigurations = (
				2EDC4F3520E5BCFC0003A85D /* Debug */,
				2EDC4F3620E5BCFC0003A85D /* Release */,
			);
			defaultConfigurationIsVisible = 0;
			defaultConfigurationName = Release;
		};
		2EDC4F3720E5BCFC0003A85D /* Build configuration list for PBXNativeTarget "ZXYPopupMenuUITests" */ = {
			isa = XCConfigurationList;
			buildConfigurations = (
				2EDC4F3820E5BCFC0003A85D /* Debug */,
				2EDC4F3920E5BCFC0003A85D /* Release */,
			);
			defaultConfigurationIsVisible = 0;
			defaultConfigurationName = Release;
		};
/* End XCConfigurationList section */
	};
	rootObject = 2EDC4EFD20E5BCFB0003A85D /* Project object */;
}
